{
  "name": "GPyT",
  "lockfileVersion": 2,
  "requires": true,
  "packages": {
    "": {
      "dependencies": {
        "webworker": "^0.8.4"
      }
    },
    "node_modules/webworker": {
      "version": "0.8.4",
      "resolved": "https://registry.npmjs.org/webworker/-/webworker-0.8.4.tgz",
      "integrity": "sha512-zzsVxtHf+mCn0WuYLarSWfRGmX7JiYKkKvso5FYC7rJ9G8svwGQA5a51Sjq9D2c/rKVU6U/kyBcaI7gUTVlsJg==",
      "engines": {
        "node": ">=0.4.3"
      }
    }
  },
  "dependencies": {
    "webworker": {
      "version": "0.8.4",
      "resolved": "https://registry.npmjs.org/webworker/-/webworker-0.8.4.tgz",
      "integrity": "sha512-zzsVxtHf+mCn0WuYLarSWfRGmX7JiYKkKvso5FYC7rJ9G8svwGQA5a51Sjq9D2c/rKVU6U/kyBcaI7gUTVlsJg=="
    }
  }
}
